// !$*UTF8*$!
{
	archiveVersion = 1;
	classes = {
	};
	objectVersion = 56;
	objects = {

/* Begin PBXBuildFile section */
		AE0696D42B44F9BB008B1EE9 /* AppDelegate.swift in Sources */ = {isa = PBXBuildFile; fileRef = AE0696D32B44F9BB008B1EE9 /* AppDelegate.swift */; };
		AE0696D62B44F9BB008B1EE9 /* SceneDelegate.swift in Sources */ = {isa = PBXBuildFile; fileRef = AE0696D52B44F9BB008B1EE9 /* SceneDelegate.swift */; };
		AE0696D82B44F9BB008B1EE9 /* ViewController.swift in Sources */ = {isa = PBXBuildFile; fileRef = AE0696D72B44F9BB008B1EE9 /* ViewController.swift */; };
		AE0696DB2B44F9BB008B1EE9 /* Main.storyboard in Resources */ = {isa = PBXBuildFile; fileRef = AE0696D92B44F9BB008B1EE9 /* Main.storyboard */; };
		AE0696DD2B44F9BE008B1EE9 /* Assets.xcassets in Resources */ = {isa = PBXBuildFile; fileRef = AE0696DC2B44F9BE008B1EE9 /* Assets.xcassets */; };
		AE0696E02B44F9BE008B1EE9 /* LaunchScreen.storyboard in Resources */ = {isa = PBXBuildFile; fileRef = AE0696DE2B44F9BE008B1EE9 /* LaunchScreen.storyboard */; };
		AE0696EE2B450312008B1EE9 /* WidgetKit.framework in Frameworks */ = {isa = PBXBuildFile; fileRef = AE0696ED2B450312008B1EE9 /* WidgetKit.framework */; };
		AE0696F02B450312008B1EE9 /* SwiftUI.framework in Frameworks */ = {isa = PBXBuildFile; fileRef = AE0696EF2B450312008B1EE9 /* SwiftUI.framework */; };
		AE0696F32B450313008B1EE9 /* TestActivityWidgetBundle.swift in Sources */ = {isa = PBXBuildFile; fileRef = AE0696F22B450313008B1EE9 /* TestActivityWidgetBundle.swift */; };
		AE0696F52B450313008B1EE9 /* TestActivityWidgetLiveActivity.swift in Sources */ = {isa = PBXBuildFile; fileRef = AE0696F42B450313008B1EE9 /* TestActivityWidgetLiveActivity.swift */; };
		AE0696F72B450313008B1EE9 /* TestActivityWidget.swift in Sources */ = {isa = PBXBuildFile; fileRef = AE0696F62B450313008B1EE9 /* TestActivityWidget.swift */; };
		AE0696F92B450315008B1EE9 /* Assets.xcassets in Resources */ = {isa = PBXBuildFile; fileRef = AE0696F82B450315008B1EE9 /* Assets.xcassets */; };
		AE0696FD2B450315008B1EE9 /* TestActivityWidgetExtension.appex in Embed Foundation Extensions */ = {isa = PBXBuildFile; fileRef = AE0696EB2B450312008B1EE9 /* TestActivityWidgetExtension.appex */; settings = {ATTRIBUTES = (RemoveHeadersOnCopy, ); }; };
		AE0697072B450C65008B1EE9 /* ActivityDataManager.swift in Sources */ = {isa = PBXBuildFile; fileRef = AE0697062B450C65008B1EE9 /* ActivityDataManager.swift */; };
		AE0697082B451B4B008B1EE9 /* ViewController.swift in Sources */ = {isa = PBXBuildFile; fileRef = AE0696D72B44F9BB008B1EE9 /* ViewController.swift */; };
		AE0697092B451D3B008B1EE9 /* ActivityDataManager.swift in Sources */ = {isa = PBXBuildFile; fileRef = AE0697062B450C65008B1EE9 /* ActivityDataManager.swift */; };
		AE06970B2B453628008B1EE9 /* ProuctActivityAttributes.swift in Sources */ = {isa = PBXBuildFile; fileRef = AE06970A2B453628008B1EE9 /* ProuctActivityAttributes.swift */; };
		AE06970C2B453628008B1EE9 /* ProuctActivityAttributes.swift in Sources */ = {isa = PBXBuildFile; fileRef = AE06970A2B453628008B1EE9 /* ProuctActivityAttributes.swift */; };
		AE06970E2B453667008B1EE9 /* TestBusinessModel.swift in Sources */ = {isa = PBXBuildFile; fileRef = AE06970D2B453667008B1EE9 /* TestBusinessModel.swift */; };
		AE06970F2B453667008B1EE9 /* TestBusinessModel.swift in Sources */ = {isa = PBXBuildFile; fileRef = AE06970D2B453667008B1EE9 /* TestBusinessModel.swift */; };
/* End PBXBuildFile section */

/* Begin PBXContainerItemProxy section */
		AE0696FB2B450315008B1EE9 /* PBXContainerItemProxy */ = {
			isa = PBXContainerItemProxy;
			containerPortal = AE0696C82B44F9BA008B1EE9 /* Project object */;
			proxyType = 1;
			remoteGlobalIDString = AE0696EA2B450312008B1EE9;
			remoteInfo = TestActivityWidgetExtension;
		};
/* End PBXContainerItemProxy section */

/* Begin PBXCopyFilesBuildPhase section */
		AE0697012B450316008B1EE9 /* Embed Foundation Extensions */ = {
			isa = PBXCopyFilesBuildPhase;
			buildActionMask = 2147483647;
			dstPath = "";
			dstSubfolderSpec = 13;
			files = (
				AE0696FD2B450315008B1EE9 /* TestActivityWidgetExtension.appex in Embed Foundation Extensions */,
			);
			name = "Embed Foundation Extensions";
			runOnlyForDeploymentPostprocessing = 0;
		};
/* End PBXCopyFilesBuildPhase section */

/* Begin PBXFileReference section */
		AE0696D02B44F9BB008B1EE9 /* DynamicIslandDemo.app */ = {isa = PBXFileReference; explicitFileType = wrapper.application; includeInIndex = 0; path = DynamicIslandDemo.app; sourceTree = BUILT_PRODUCTS_DIR; };
		AE0696D32B44F9BB008B1EE9 /* AppDelegate.swift */ = {isa = PBXFileReference; lastKnownFileType = sourcecode.swift; path = AppDelegate.swift; sourceTree = "<group>"; };
		AE0696D52B44F9BB008B1EE9 /* SceneDelegate.swift */ = {isa = PBXFileReference; lastKnownFileType = sourcecode.swift; path = SceneDelegate.swift; sourceTree = "<group>"; };
		AE0696D72B44F9BB008B1EE9 /* ViewController.swift */ = {isa = PBXFileReference; lastKnownFileType = sourcecode.swift; path = ViewController.swift; sourceTree = "<group>"; };
		AE0696DA2B44F9BB008B1EE9 /* Base */ = {isa = PBXFileReference; lastKnownFileType = file.storyboard; name = Base; path = Base.lproj/Main.storyboard; sourceTree = "<group>"; };
		AE0696DC2B44F9BE008B1EE9 /* Assets.xcassets */ = {isa = PBXFileReference; lastKnownFileType = folder.assetcatalog; path = Assets.xcassets; sourceTree = "<group>"; };
		AE0696DF2B44F9BE008B1EE9 /* Base */ = {isa = PBXFileReference; lastKnownFileType = file.storyboard; name = Base; path = Base.lproj/LaunchScreen.storyboard; sourceTree = "<group>"; };
		AE0696E12B44F9BE008B1EE9 /* Info.plist */ = {isa = PBXFileReference; lastKnownFileType = text.plist.xml; path = Info.plist; sourceTree = "<group>"; };
		AE0696EB2B450312008B1EE9 /* TestActivityWidgetExtension.appex */ = {isa = PBXFileReference; explicitFileType = "wrapper.app-extension"; includeInIndex = 0; path = TestActivityWidgetExtension.appex; sourceTree = BUILT_PRODUCTS_DIR; };
		AE0696ED2B450312008B1EE9 /* WidgetKit.framework */ = {isa = PBXFileReference; lastKnownFileType = wrapper.framework; name = WidgetKit.framework; path = System/Library/Frameworks/WidgetKit.framework; sourceTree = SDKROOT; };
		AE0696EF2B450312008B1EE9 /* SwiftUI.framework */ = {isa = PBXFileReference; lastKnownFileType = wrapper.framework; name = SwiftUI.framework; path = System/Library/Frameworks/SwiftUI.framework; sourceTree = SDKROOT; };
		AE0696F22B450313008B1EE9 /* TestActivityWidgetBundle.swift */ = {isa = PBXFileReference; lastKnownFileType = sourcecode.swift; path = TestActivityWidgetBundle.swift; sourceTree = "<group>"; };
		AE0696F42B450313008B1EE9 /* TestActivityWidgetLiveActivity.swift */ = {isa = PBXFileReference; lastKnownFileType = sourcecode.swift; path = TestActivityWidgetLiveActivity.swift; sourceTree = "<group>"; };
		AE0696F62B450313008B1EE9 /* TestActivityWidget.swift */ = {isa = PBXFileReference; lastKnownFileType = sourcecode.swift; path = TestActivityWidget.swift; sourceTree = "<group>"; };
		AE0696F82B450315008B1EE9 /* Assets.xcassets */ = {isa = PBXFileReference; lastKnownFileType = folder.assetcatalog; path = Assets.xcassets; sourceTree = "<group>"; };
		AE0696FA2B450315008B1EE9 /* Info.plist */ = {isa = PBXFileReference; lastKnownFileType = text.plist.xml; path = Info.plist; sourceTree = "<group>"; };
		AE0697062B450C65008B1EE9 /* ActivityDataManager.swift */ = {isa = PBXFileReference; lastKnownFileType = sourcecode.swift; path = ActivityDataManager.swift; sourceTree = "<group>"; };
		AE06970A2B453628008B1EE9 /* ProuctActivityAttributes.swift */ = {isa = PBXFileReference; lastKnownFileType = sourcecode.swift; path = ProuctActivityAttributes.swift; sourceTree = "<group>"; };
		AE06970D2B453667008B1EE9 /* TestBusinessModel.swift */ = {isa = PBXFileReference; lastKnownFileType = sourcecode.swift; path = TestBusinessModel.swift; sourceTree = "<group>"; };
/* End PBXFileReference section */

/* Begin PBXFrameworksBuildPhase section */
		AE0696CD2B44F9BB008B1EE9 /* Frameworks */ = {
			isa = PBXFrameworksBuildPhase;
			buildActionMask = 2147483647;
			files = (
			);
			runOnlyForDeploymentPostprocessing = 0;
		};
		AE0696E82B450312008B1EE9 /* Frameworks */ = {
			isa = PBXFrameworksBuildPhase;
			buildActionMask = 2147483647;
			files = (
				AE0696F02B450312008B1EE9 /* SwiftUI.framework in Frameworks */,
				AE0696EE2B450312008B1EE9 /* WidgetKit.framework in Frameworks */,
			);
			runOnlyForDeploymentPostprocessing = 0;
		};
/* End PBXFrameworksBuildPhase section */

/* Begin PBXGroup section */
		AE0696C72B44F9BA008B1EE9 = {
			isa = PBXGroup;
			children = (
				AE0696D22B44F9BB008B1EE9 /* DynamicIslandDemo */,
				AE0696F12B450313008B1EE9 /* TestActivityWidget */,
				AE0696EC2B450312008B1EE9 /* Frameworks */,
				AE0696D12B44F9BB008B1EE9 /* Products */,
			);
			sourceTree = "<group>";
		};
		AE0696D12B44F9BB008B1EE9 /* Products */ = {
			isa = PBXGroup;
			children = (
				AE0696D02B44F9BB008B1EE9 /* DynamicIslandDemo.app */,
				AE0696EB2B450312008B1EE9 /* TestActivityWidgetExtension.appex */,
			);
			name = Products;
			sourceTree = "<group>";
		};
		AE0696D22B44F9BB008B1EE9 /* DynamicIslandDemo */ = {
			isa = PBXGroup;
			children = (
				AE0696D32B44F9BB008B1EE9 /* AppDelegate.swift */,
				AE0696D52B44F9BB008B1EE9 /* SceneDelegate.swift */,
				AE0696D72B44F9BB008B1EE9 /* ViewController.swift */,
				AE06970D2B453667008B1EE9 /* TestBusinessModel.swift */,
				AE0697062B450C65008B1EE9 /* ActivityDataManager.swift */,
				AE06970A2B453628008B1EE9 /* ProuctActivityAttributes.swift */,
				AE0696D92B44F9BB008B1EE9 /* Main.storyboard */,
				AE0696DC2B44F9BE008B1EE9 /* Assets.xcassets */,
				AE0696DE2B44F9BE008B1EE9 /* LaunchScreen.storyboard */,
				AE0696E12B44F9BE008B1EE9 /* Info.plist */,
			);
			path = DynamicIslandDemo;
			sourceTree = "<group>";
		};
		AE0696EC2B450312008B1EE9 /* Frameworks */ = {
			isa = PBXGroup;
			children = (
				AE0696ED2B450312008B1EE9 /* WidgetKit.framework */,
				AE0696EF2B450312008B1EE9 /* SwiftUI.framework */,
			);
			name = Frameworks;
			sourceTree = "<group>";
		};
		AE0696F12B450313008B1EE9 /* TestActivityWidget */ = {
			isa = PBXGroup;
			children = (
				AE0696F22B450313008B1EE9 /* TestActivityWidgetBundle.swift */,
				AE0696F42B450313008B1EE9 /* TestActivityWidgetLiveActivity.swift */,
				AE0696F62B450313008B1EE9 /* TestActivityWidget.swift */,
				AE0696F82B450315008B1EE9 /* Assets.xcassets */,
				AE0696FA2B450315008B1EE9 /* Info.plist */,
			);
			path = TestActivityWidget;
			sourceTree = "<group>";
		};
/* End PBXGroup section */

/* Begin PBXNativeTarget section */
		AE0696CF2B44F9BB008B1EE9 /* DynamicIslandDemo */ = {
			isa = PBXNativeTarget;
			buildConfigurationList = AE0696E42B44F9BE008B1EE9 /* Build configuration list for PBXNativeTarget "DynamicIslandDemo" */;
			buildPhases = (
				AE0696CC2B44F9BB008B1EE9 /* Sources */,
				AE0696CD2B44F9BB008B1EE9 /* Frameworks */,
				AE0696CE2B44F9BB008B1EE9 /* Resources */,
				AE0697012B450316008B1EE9 /* Embed Foundation Extensions */,
			);
			buildRules = (
			);
			dependencies = (
				AE0696FC2B450315008B1EE9 /* PBXTargetDependency */,
			);
			name = DynamicIslandDemo;
			productName = DynamicIslandDemo;
			productReference = AE0696D02B44F9BB008B1EE9 /* DynamicIslandDemo.app */;
			productType = "com.apple.product-type.application";
		};
		AE0696EA2B450312008B1EE9 /* TestActivityWidgetExtension */ = {
			isa = PBXNativeTarget;
			buildConfigurationList = AE0696FE2B450316008B1EE9 /* Build configuration list for PBXNativeTarget "TestActivityWidgetExtension" */;
			buildPhases = (
				AE0696E72B450312008B1EE9 /* Sources */,
				AE0696E82B450312008B1EE9 /* Frameworks */,
				AE0696E92B450312008B1EE9 /* Resources */,
			);
			buildRules = (
			);
			dependencies = (
			);
			name = TestActivityWidgetExtension;
			productName = TestActivityWidgetExtension;
			productReference = AE0696EB2B450312008B1EE9 /* TestActivityWidgetExtension.appex */;
			productType = "com.apple.product-type.app-extension";
		};
/* End PBXNativeTarget section */

/* Begin PBXProject section */
		AE0696C82B44F9BA008B1EE9 /* Project object */ = {
			isa = PBXProject;
			attributes = {
				BuildIndependentTargetsInParallel = 1;
				LastSwiftUpdateCheck = 1500;
				LastUpgradeCheck = 1500;
				TargetAttributes = {
					AE0696CF2B44F9BB008B1EE9 = {
						CreatedOnToolsVersion = 15.0.1;
					};
					AE0696EA2B450312008B1EE9 = {
						CreatedOnToolsVersion = 15.0.1;
					};
				};
			};
			buildConfigurationList = AE0696CB2B44F9BA008B1EE9 /* Build configuration list for PBXProject "DynamicIslandDemo" */;
			compatibilityVersion = "Xcode 14.0";
			developmentRegion = en;
			hasScannedForEncodings = 0;
			knownRegions = (
				en,
				Base,
			);
			mainGroup = AE0696C72B44F9BA008B1EE9;
			productRefGroup = AE0696D12B44F9BB008B1EE9 /* Products */;
			projectDirPath = "";
			projectRoot = "";
			targets = (
				AE0696CF2B44F9BB008B1EE9 /* DynamicIslandDemo */,
				AE0696EA2B450312008B1EE9 /* TestActivityWidgetExtension */,
			);
		};
/* End PBXProject section */

/* Begin PBXResourcesBuildPhase section */
		AE0696CE2B44F9BB008B1EE9 /* Resources */ = {
			isa = PBXResourcesBuildPhase;
			buildActionMask = 2147483647;
			files = (
				AE0696E02B44F9BE008B1EE9 /* LaunchScreen.storyboard in Resources */,
				AE0696DD2B44F9BE008B1EE9 /* Assets.xcassets in Resources */,
				AE0696DB2B44F9BB008B1EE9 /* Main.storyboard in Resources */,
			);
			runOnlyForDeploymentPostprocessing = 0;
		};
		AE0696E92B450312008B1EE9 /* Resources */ = {
			isa = PBXResourcesBuildPhase;
			buildActionMask = 2147483647;
			files = (
				AE0696F92B450315008B1EE9 /* Assets.xcassets in Resources */,
			);
			runOnlyForDeploymentPostprocessing = 0;
		};
/* End PBXResourcesBuildPhase section */

/* Begin PBXSourcesBuildPhase section */
		AE0696CC2B44F9BB008B1EE9 /* Sources */ = {
			isa = PBXSourcesBuildPhase;
			buildActionMask = 2147483647;
			files = (
				AE0697072B450C65008B1EE9 /* ActivityDataManager.swift in Sources */,
				AE06970E2B453667008B1EE9 /* TestBusinessModel.swift in Sources */,
				AE06970B2B453628008B1EE9 /* ProuctActivityAttributes.swift in Sources */,
				AE0696D82B44F9BB008B1EE9 /* ViewController.swift in Sources */,
				AE0696D42B44F9BB008B1EE9 /* AppDelegate.swift in Sources */,
				AE0696D62B44F9BB008B1EE9 /* SceneDelegate.swift in Sources */,
			);
			runOnlyForDeploymentPostprocessing = 0;
		};
		AE0696E72B450312008B1EE9 /* Sources */ = {
			isa = PBXSourcesBuildPhase;
			buildActionMask = 2147483647;
			files = (
				AE0696F32B450313008B1EE9 /* TestActivityWidgetBundle.swift in Sources */,
				AE0696F72B450313008B1EE9 /* TestActivityWidget.swift in Sources */,
				AE06970C2B453628008B1EE9 /* ProuctActivityAttributes.swift in Sources */,
				AE0697082B451B4B008B1EE9 /* ViewController.swift in Sources */,
				AE06970F2B453667008B1EE9 /* TestBusinessModel.swift in Sources */,
				AE0697092B451D3B008B1EE9 /* ActivityDataManager.swift in Sources */,
				AE0696F52B450313008B1EE9 /* TestActivityWidgetLiveActivity.swift in Sources */,
			);
			runOnlyForDeploymentPostprocessing = 0;
		};
/* End PBXSourcesBuildPhase section */

/* Begin PBXTargetDependency section */
		AE0696FC2B450315008B1EE9 /* PBXTargetDependency */ = {
			isa = PBXTargetDependency;
			target = AE0696EA2B450312008B1EE9 /* TestActivityWidgetExtension */;
			targetProxy = AE0696FB2B450315008B1EE9 /* PBXContainerItemProxy */;
		};
/* End PBXTargetDependency section */

/* Begin PBXVariantGroup section */
		AE0696D92B44F9BB008B1EE9 /* Main.storyboard */ = {
			isa = PBXVariantGroup;
			children = (
				AE0696DA2B44F9BB008B1EE9 /* Base */,
			);
			name = Main.storyboard;
			sourceTree = "<group>";
		};
		AE0696DE2B44F9BE008B1EE9 /* LaunchScreen.storyboard */ = {
			isa = PBXVariantGroup;
			children = (
				AE0696DF2B44F9BE008B1EE9 /* Base */,
			);
			name = LaunchScreen.storyboard;
			sourceTree = "<group>";
		};
/* End PBXVariantGroup section */

/* Begin XCBuildConfiguration section */
		AE0696E22B44F9BE008B1EE9 /* Debug */ = {
			isa = XCBuildConfiguration;
			buildSettings = {
				ALWAYS_SEARCH_USER_PATHS = NO;
				ASSETCATALOG_COMPILER_GENERATE_SWIFT_ASSET_SYMBOL_EXTENSIONS = YES;
				CLANG_ANALYZER_NONNULL = YES;
				CLANG_ANALYZER_NUMBER_OBJECT_CONVERSION = YES_AGGRESSIVE;
				CLANG_CXX_LANGUAGE_STANDARD = "gnu++20";
				CLANG_ENABLE_MODULES = YES;
				CLANG_ENABLE_OBJC_ARC = YES;
				CLANG_ENABLE_OBJC_WEAK = YES;
				CLANG_WARN_BLOCK_CAPTURE_AUTORELEASING = YES;
				CLANG_WARN_BOOL_CONVERSION = YES;
				CLANG_WARN_COMMA = YES;
				CLANG_WARN_CONSTANT_CONVERSION = YES;
				CLANG_WARN_DEPRECATED_OBJC_IMPLEMENTATIONS = YES;
				CLANG_WARN_DIRECT_OBJC_ISA_USAGE = YES_ERROR;
				CLANG_WARN_DOCUMENTATION_COMMENTS = YES;
				CLANG_WARN_EMPTY_BODY = YES;
				CLANG_WARN_ENUM_CONVERSION = YES;
				CLANG_WARN_INFINITE_RECURSION = YES;
				CLANG_WARN_INT_CONVERSION = YES;
				CLANG_WARN_NON_LITERAL_NULL_CONVERSION = YES;
				CLANG_WARN_OBJC_IMPLICIT_RETAIN_SELF = YES;
				CLANG_WARN_OBJC_LITERAL_CONVERSION = YES;
				CLANG_WARN_OBJC_ROOT_CLASS = YES_ERROR;
				CLANG_WARN_QUOTED_INCLUDE_IN_FRAMEWORK_HEADER = YES;
				CLANG_WARN_RANGE_LOOP_ANALYSIS = YES;
				CLANG_WARN_STRICT_PROTOTYPES = YES;
				CLANG_WARN_SUSPICIOUS_MOVE = YES;
				CLANG_WARN_UNGUARDED_AVAILABILITY = YES_AGGRESSIVE;
				CLANG_WARN_UNREACHABLE_CODE = YES;
				CLANG_WARN__DUPLICATE_METHOD_MATCH = YES;
				COPY_PHASE_STRIP = NO;
				DEBUG_INFORMATION_FORMAT = dwarf;
				ENABLE_STRICT_OBJC_MSGSEND = YES;
				ENABLE_TESTABILITY = YES;
				ENABLE_USER_SCRIPT_SANDBOXING = YES;
				GCC_C_LANGUAGE_STANDARD = gnu17;
				GCC_DYNAMIC_NO_PIC = NO;
				GCC_NO_COMMON_BLOCKS = YES;
				GCC_OPTIMIZATION_LEVEL = 0;
				GCC_PREPROCESSOR_DEFINITIONS = (
					"DEBUG=1",
					"$(inherited)",
				);
				GCC_WARN_64_TO_32_BIT_CONVERSION = YES;
				GCC_WARN_ABOUT_RETURN_TYPE = YES_ERROR;
				GCC_WARN_UNDECLARED_SELECTOR = YES;
				GCC_WARN_UNINITIALIZED_AUTOS = YES_AGGRESSIVE;
				GCC_WARN_UNUSED_FUNCTION = YES;
				GCC_WARN_UNUSED_VARIABLE = YES;
				IPHONEOS_DEPLOYMENT_TARGET = 17.0;
				LOCALIZATION_PREFERS_STRING_CATALOGS = YES;
				MTL_ENABLE_DEBUG_INFO = INCLUDE_SOURCE;
				MTL_FAST_MATH = YES;
				ONLY_ACTIVE_ARCH = YES;
				SDKROOT = iphoneos;
				SWIFT_ACTIVE_COMPILATION_CONDITIONS = "DEBUG $(inherited)";
				SWIFT_OPTIMIZATION_LEVEL = "-Onone";
			};
			name = Debug;
		};
		AE0696E32B44F9BE008B1EE9 /* Release */ = {
			isa = XCBuildConfiguration;
			buildSettings = {
				ALWAYS_SEARCH_USER_PATHS = NO;
				ASSETCATALOG_COMPILER_GENERATE_SWIFT_ASSET_SYMBOL_EXTENSIONS = YES;
				CLANG_ANALYZER_NONNULL = YES;
				CLANG_ANALYZER_NUMBER_OBJECT_CONVERSION = YES_AGGRESSIVE;
				CLANG_CXX_LANGUAGE_STANDARD = "gnu++20";
				CLANG_ENABLE_MODULES = YES;
				CLANG_ENABLE_OBJC_ARC = YES;
				CLANG_ENABLE_OBJC_WEAK = YES;
				CLANG_WARN_BLOCK_CAPTURE_AUTORELEASING = YES;
				CLANG_WARN_BOOL_CONVERSION = YES;
				CLANG_WARN_COMMA = YES;
				CLANG_WARN_CONSTANT_CONVERSION = YES;
				CLANG_WARN_DEPRECATED_OBJC_IMPLEMENTATIONS = YES;
				CLANG_WARN_DIRECT_OBJC_ISA_USAGE = YES_ERROR;
				CLANG_WARN_DOCUMENTATION_COMMENTS = YES;
				CLANG_WARN_EMPTY_BODY = YES;
				CLANG_WARN_ENUM_CONVERSION = YES;
				CLANG_WARN_INFINITE_RECURSION = YES;
				CLANG_WARN_INT_CONVERSION = YES;
				CLANG_WARN_NON_LITERAL_NULL_CONVERSION = YES;
				CLANG_WARN_OBJC_IMPLICIT_RETAIN_SELF = YES;
				CLANG_WARN_OBJC_LITERAL_CONVERSION = YES;
				CLANG_WARN_OBJC_ROOT_CLASS = YES_ERROR;
				CLANG_WARN_QUOTED_INCLUDE_IN_FRAMEWORK_HEADER = YES;
				CLANG_WARN_RANGE_LOOP_ANALYSIS = YES;
				CLANG_WARN_STRICT_PROTOTYPES = YES;
				CLANG_WARN_SUSPICIOUS_MOVE = YES;
				CLANG_WARN_UNGUARDED_AVAILABILITY = YES_AGGRESSIVE;
				CLANG_WARN_UNREACHABLE_CODE = YES;
				CLANG_WARN__DUPLICATE_METHOD_MATCH = YES;
				COPY_PHASE_STRIP = NO;
				DEBUG_INFORMATION_FORMAT = "dwarf-with-dsym";
				ENABLE_NS_ASSERTIONS = NO;
				ENABLE_STRICT_OBJC_MSGSEND = YES;
				ENABLE_USER_SCRIPT_SANDBOXING = YES;
				GCC_C_LANGUAGE_STANDARD = gnu17;
				GCC_NO_COMMON_BLOCKS = YES;
				GCC_WARN_64_TO_32_BIT_CONVERSION = YES;
				GCC_WARN_ABOUT_RETURN_TYPE = YES_ERROR;
				GCC_WARN_UNDECLARED_SELECTOR = YES;
				GCC_WARN_UNINITIALIZED_AUTOS = YES_AGGRESSIVE;
				GCC_WARN_UNUSED_FUNCTION = YES;
				GCC_WARN_UNUSED_VARIABLE = YES;
				IPHONEOS_DEPLOYMENT_TARGET = 17.0;
				LOCALIZATION_PREFERS_STRING_CATALOGS = YES;
				MTL_ENABLE_DEBUG_INFO = NO;
				MTL_FAST_MATH = YES;
				SDKROOT = iphoneos;
				SWIFT_COMPILATION_MODE = wholemodule;
				VALIDATE_PRODUCT = YES;
			};
			name = Release;
		};
		AE0696E52B44F9BE008B1EE9 /* Debug */ = {
			isa = XCBuildConfiguration;
			buildSettings = {
				ALWAYS_EMBED_SWIFT_STANDARD_LIBRARIES = YES;
				ASSETCATALOG_COMPILER_APPICON_NAME = AppIcon;
				ASSETCATALOG_COMPILER_GLOBAL_ACCENT_COLOR_NAME = AccentColor;
				CODE_SIGN_STYLE = Automatic;
				CURRENT_PROJECT_VERSION = 1;
				DEVELOPMENT_TEAM = "";
				GENERATE_INFOPLIST_FILE = YES;
				INFOPLIST_FILE = DynamicIslandDemo/Info.plist;
				INFOPLIST_KEY_NSSupportsLiveActivities = YES;
				INFOPLIST_KEY_NSSupportsLiveActivitiesFrequentUpdates = YES;
				INFOPLIST_KEY_UIApplicationSupportsIndirectInputEvents = YES;
				INFOPLIST_KEY_UILaunchStoryboardName = LaunchScreen;
				INFOPLIST_KEY_UIMainStoryboardFile = Main;
				INFOPLIST_KEY_UISupportedInterfaceOrientations_iPad = "UIInterfaceOrientationPortrait UIInterfaceOrientationPortraitUpsideDown UIInterfaceOrientationLandscapeLeft UIInterfaceOrientationLandscapeRight";
				INFOPLIST_KEY_UISupportedInterfaceOrientations_iPhone = "UIInterfaceOrientationPortrait UIInterfaceOrientationLandscapeLeft UIInterfaceOrientationLandscapeRight";
				LD_RUNPATH_SEARCH_PATHS = (
					"$(inherited)",
					"@executable_path/Frameworks",
				);
				MARKETING_VERSION = 1.0;
				PRODUCT_BUNDLE_IDENTIFIER = com.hp.superApp.DynamicIsland.DynamicIslandDemo;
				PRODUCT_NAME = "$(TARGET_NAME)";
				SWIFT_EMIT_LOC_STRINGS = YES;
				SWIFT_VERSION = 5.0;
				TARGETED_DEVICE_FAMILY = "1,2";
			};
			name = Debug;
		};
		AE0696E62B44F9BE008B1EE9 /* Release */ = {
			isa = XCBuildConfiguration;
			buildSettings = {
				ALWAYS_EMBED_SWIFT_STANDARD_LIBRARIES = YES;
				ASSETCATALOG_COMPILER_APPICON_NAME = AppIcon;
				ASSETCATALOG_COMPILER_GLOBAL_ACCENT_COLOR_NAME = AccentColor;
				CODE_SIGN_STYLE = Automatic;
				CURRENT_PROJECT_VERSION = 1;
				DEVELOPMENT_TEAM = "";
				GENERATE_INFOPLIST_FILE = YES;
				INFOPLIST_FILE = DynamicIslandDemo/Info.plist;
				INFOPLIST_KEY_NSSupportsLiveActivities = YES;
				INFOPLIST_KEY_NSSupportsLiveActivitiesFrequentUpdates = YES;
				INFOPLIST_KEY_UIApplicationSupportsIndirectInputEvents = YES;
				INFOPLIST_KEY_UILaunchStoryboardName = LaunchScreen;
				INFOPLIST_KEY_UIMainStoryboardFile = Main;
				INFOPLIST_KEY_UISupportedInterfaceOrientations_iPad = "UIInterfaceOrientationPortrait UIInterfaceOrientationPortraitUpsideDown UIInterfaceOrientationLandscapeLeft UIInterfaceOrientationLandscapeRight";
				INFOPLIST_KEY_UISupportedInterfaceOrientations_iPhone = "UIInterfaceOrientationPortrait UIInterfaceOrientationLandscapeLeft UIInterfaceOrientationLandscapeRight";
				LD_RUNPATH_SEARCH_PATHS = (
					"$(inherited)",
					"@executable_path/Frameworks",
				);
				MARKETING_VERSION = 1.0;
				PRODUCT_BUNDLE_IDENTIFIER = com.hp.superApp.DynamicIsland.DynamicIslandDemo;
				PRODUCT_NAME = "$(TARGET_NAME)";
				SWIFT_EMIT_LOC_STRINGS = YES;
				SWIFT_VERSION = 5.0;
				TARGETED_DEVICE_FAMILY = "1,2";
			};
			name = Release;
		};
		AE0696FF2B450316008B1EE9 /* Debug */ = {
			isa = XCBuildConfiguration;
			buildSettings = {
				ASSETCATALOG_COMPILER_GLOBAL_ACCENT_COLOR_NAME = AccentColor;
				ASSETCATALOG_COMPILER_WIDGET_BACKGROUND_COLOR_NAME = WidgetBackground;
				CODE_SIGN_STYLE = Automatic;
				CURRENT_PROJECT_VERSION = 1;
				DEVELOPMENT_TEAM = X5X2378T2Y;
				GENERATE_INFOPLIST_FILE = YES;
				INFOPLIST_FILE = TestActivityWidget/Info.plist;
				INFOPLIST_KEY_CFBundleDisplayName = TestActivityWidget;
				INFOPLIST_KEY_NSHumanReadableCopyright = "";
				LD_RUNPATH_SEARCH_PATHS = (
					"$(inherited)",
					"@executable_path/Frameworks",
					"@executable_path/../../Frameworks",
				);
				MARKETING_VERSION = 1.0;
				PRODUCT_BUNDLE_IDENTIFIER = com.hp.superApp.DynamicIsland.DynamicIslandDemo.TestActivityWidget;
				PRODUCT_NAME = "$(TARGET_NAME)";
				SKIP_INSTALL = YES;
				SWIFT_EMIT_LOC_STRINGS = YES;
				SWIFT_VERSION = 5.0;
				TARGETED_DEVICE_FAMILY = "1,2";
			};
			name = Debug;
		};
		AE0697002B450316008B1EE9 /* Release */ = {
			isa = XCBuildConfiguration;
			buildSettings = {
				ASSETCATALOG_COMPILER_GLOBAL_ACCENT_COLOR_NAME = AccentColor;
				ASSETCATALOG_COMPILER_WIDGET_BACKGROUND_COLOR_NAME = WidgetBackground;
				CODE_SIGN_STYLE = Automatic;
				CURRENT_PROJECT_VERSION = 1;
				DEVELOPMENT_TEAM = X5X2378T2Y;
				GENERATE_INFOPLIST_FILE = YES;
				INFOPLIST_FILE = TestActivityWidget/Info.plist;
				INFOPLIST_KEY_CFBundleDisplayName = TestActivityWidget;
				INFOPLIST_KEY_NSHumanReadableCopyright = "";
				LD_RUNPATH_SEARCH_PATHS = (
					"$(inherited)",
					"@executable_path/Frameworks",
					"@executable_path/../../Frameworks",
				);
				MARKETING_VERSION = 1.0;
				PRODUCT_BUNDLE_IDENTIFIER = com.hp.superApp.DynamicIsland.DynamicIslandDemo.TestActivityWidget;
				PRODUCT_NAME = "$(TARGET_NAME)";
				SKIP_INSTALL = YES;
				SWIFT_EMIT_LOC_STRINGS = YES;
				SWIFT_VERSION = 5.0;
				TARGETED_DEVICE_FAMILY = "1,2";
			};
			name = Release;
		};
/* End XCBuildConfiguration section */

/* Begin XCConfigurationList section */
		AE0696CB2B44F9BA008B1EE9 /* Build configuration list for PBXProject "DynamicIslandDemo" */ = {
			isa = XCConfigurationList;
			buildConfigurations = (
				AE0696E22B44F9BE008B1EE9 /* Debug */,
				AE0696E32B44F9BE008B1EE9 /* Release */,
			);
			defaultConfigurationIsVisible = 0;
			defaultConfigurationName = Release;
		};
		AE0696E42B44F9BE008B1EE9 /* Build configuration list for PBXNativeTarget "DynamicIslandDemo" */ = {
			isa = XCConfigurationList;
			buildConfigurations = (
				AE0696E52B44F9BE008B1EE9 /* Debug */,
				AE0696E62B44F9BE008B1EE9 /* Release */,
			);
			defaultConfigurationIsVisible = 0;
			defaultConfigurationName = Release;
		};
		AE0696FE2B450316008B1EE9 /* Build configuration list for PBXNativeTarget "TestActivityWidgetExtension" */ = {
			isa = XCConfigurationList;
			buildConfigurations = (
				AE0696FF2B450316008B1EE9 /* Debug */,
				AE0697002B450316008B1EE9 /* Release */,
			);
			defaultConfigurationIsVisible = 0;
			defaultConfigurationName = Release;
		};
/* End XCConfigurationList section */
	};
	rootObject = AE0696C82B44F9BA008B1EE9 /* Project object */;
}
